Microsoft Visual Studio Solution File, Format Version 12.00
# Visual Studio Version 16
VisualStudioVersion = 16.0.29519.181
MinimumVisualStudioVersion = 10.0.40219.1
Project("{FAE04EC0-301F-11D3-BF4B-00C04F79EFBC}") = "Thread", "Thread\Thread.csproj", "{5A95625B-3180-49DF-AF1F-ED6CB361F25F}"
EndProject
Global
	GlobalSection(SolutionConfigurationPlatforms) = preSolution
		Debug|Any CPU = Debug|Any CPU
		Release|Any CPU = Release|Any CPU
	EndGlobalSection
	GlobalSection(ProjectConfigurationPlatforms) = postSolution
		{5A95625B-3180-49DF-AF1F-ED6CB361F25F}.Debug|Any CPU.ActiveCfg = Debug|Any CPU
		{5A95625B-3180-49DF-AF1F-ED6CB361F25F}.Debug|Any CPU.Build.0 = Debug|Any CPU
		{5A95625B-3180-49DF-AF1F-ED6CB361F25F}.Release|Any CPU.ActiveCfg = Release|Any CPU
		{5A95625B-3180-49DF-AF1F-ED6CB361F25F}.Release|Any CPU.Build.0 = Release|Any CPU
	EndGlobalSection
	GlobalSection(SolutionProperties) = preSolution
		HideSolutionNode = FALSE
	EndGlobalSection
	GlobalSection(ExtensibilityGlobals) = postSolution
		SolutionGuid = {15984C77-DB97-48DA-9321-D8C476D5FF43}
	EndGlobalSection
EndGlobal
